
Microsoft Visual Studio Solution File, Format Version 12.00
# Visual Studio Version 16
VisualStudioVersion = 16.0.29411.108
MinimumVisualStudioVersion = 10.0.40219.1
Project("{FAE04EC0-301F-11D3-BF4B-00C04F79EFBC}") = "Skipper2AssetReplacer", "Skipper2AssetReplacer.csproj", "{984ED90D-9488-41E1-9B29-513C1ED6FDF2}"
EndProject
Global
	GlobalSection(SolutionConfigurationPlatforms) = preSolution
		Debug|Any CPU = Debug|Any CPU
		Release|Any CPU = Release|Any CPU
	EndGlobalSection
	GlobalSection(ProjectConfigurationPlatforms) = postSolution
		{984ED90D-9488-41E1-9B29-513C1ED6FDF2}.Debug|Any CPU.ActiveCfg = Debug|Any CPU
		{984ED90D-9488-41E1-9B29-513C1ED6FDF2}.Debug|Any CPU.Build.0 = Debug|Any CPU
		{984ED90D-9488-41E1-9B29-513C1ED6FDF2}.Release|Any CPU.ActiveCfg = Release|Any CPU
		{984ED90D-9488-41E1-9B29-513C1ED6FDF2}.Release|Any CPU.Build.0 = Release|Any CPU
	EndGlobalSection
	GlobalSection(SolutionProperties) = preSolution
		HideSolutionNode = FALSE
	EndGlobalSection
	GlobalSection(ExtensibilityGlobals) = postSolution
		SolutionGuid = {A018513D-5549-4CCC-B5D5-5294F26C321C}
	EndGlobalSection
EndGlobal
